
Microsoft Visual Studio Solution File, Format Version 12.00
# Visual Studio Version 16
VisualStudioVersion = 16.0.30114.105
MinimumVisualStudioVersion = 10.0.40219.1
Project("{2150E333-8FDC-42A3-9474-1A3956D46DE8}") = "src", "src", "{4D7CC89D-BE85-468A-88BA-0766BF889E01}"
EndProject
Project("{FAE04EC0-301F-11D3-BF4B-00C04F79EFBC}") = "SimpleAPI", "src\SimpleAPI\SimpleAPI.csproj", "{B9C033AE-F9F4-4970-B0A5-7CF09A645161}"
EndProject
Project("{2150E333-8FDC-42A3-9474-1A3956D46DE8}") = "test", "test", "{83CB35F4-FEBE-49D4-881C-0EFAA22A132E}"
EndProject
Project("{FAE04EC0-301F-11D3-BF4B-00C04F79EFBC}") = "SimpleAPI.Test", "test\SimpleAPI.Test\SimpleAPI.Test.csproj", "{8C29A27A-2BFF-457D-A12D-ADD462AFB7DA}"
EndProject
Global
	GlobalSection(SolutionConfigurationPlatforms) = preSolution
		Debug|Any CPU = Debug|Any CPU
		Release|Any CPU = Release|Any CPU
	EndGlobalSection
	GlobalSection(SolutionProperties) = preSolution
		HideSolutionNode = FALSE
	EndGlobalSection
	GlobalSection(ProjectConfigurationPlatforms) = postSolution
		{B9C033AE-F9F4-4970-B0A5-7CF09A645161}.Debug|Any CPU.ActiveCfg = Debug|Any CPU
		{B9C033AE-F9F4-4970-B0A5-7CF09A645161}.Debug|Any CPU.Build.0 = Debug|Any CPU
		{B9C033AE-F9F4-4970-B0A5-7CF09A645161}.Release|Any CPU.ActiveCfg = Release|Any CPU
		{B9C033AE-F9F4-4970-B0A5-7CF09A645161}.Release|Any CPU.Build.0 = Release|Any CPU
		{8C29A27A-2BFF-457D-A12D-ADD462AFB7DA}.Debug|Any CPU.ActiveCfg = Debug|Any CPU
		{8C29A27A-2BFF-457D-A12D-ADD462AFB7DA}.Debug|Any CPU.Build.0 = Debug|Any CPU
		{8C29A27A-2BFF-457D-A12D-ADD462AFB7DA}.Release|Any CPU.ActiveCfg = Release|Any CPU
		{8C29A27A-2BFF-457D-A12D-ADD462AFB7DA}.Release|Any CPU.Build.0 = Release|Any CPU
	EndGlobalSection
	GlobalSection(NestedProjects) = preSolution
		{B9C033AE-F9F4-4970-B0A5-7CF09A645161} = {4D7CC89D-BE85-468A-88BA-0766BF889E01}
		{8C29A27A-2BFF-457D-A12D-ADD462AFB7DA} = {83CB35F4-FEBE-49D4-881C-0EFAA22A132E}
	EndGlobalSection
EndGlobal
